
Microsoft Visual Studio Solution File, Format Version 12.00
# Visual Studio 14
VisualStudioVersion = 14.0.24720.0
MinimumVisualStudioVersion = 10.0.40219.1
Project("{FAE04EC0-301F-11D3-BF4B-00C04F79EFBC}") = "WinFormsGameOfLife", "WinFormsGameOfLife\WinFormsGameOfLife.csproj", "{3530CF36-6029-40A8-A5A4-BB2EADF51CB6}"
EndProject
Project("{FAE04EC0-301F-11D3-BF4B-00C04F79EFBC}") = "GameOfLife.Automaton", "GameOfLife.Automaton\GameOfLife.Automaton.csproj", "{90469B70-720F-46F0-A735-34D37056B5EB}"
EndProject
Project("{FAE04EC0-301F-11D3-BF4B-00C04F79EFBC}") = "GameOfLifeConsole", "GameOfLifeConsole\GameOfLifeConsole.csproj", "{F5FE9969-2C3F-4438-B8AC-D262DA048BED}"
EndProject
Project("{FAE04EC0-301F-11D3-BF4B-00C04F79EFBC}") = "GameOfLife.FileReader", "GameOfLife.FileReader\GameOfLife.FileReader.csproj", "{75573470-C976-4C82-AC50-345A690CC9A3}"
EndProject
Global
	GlobalSection(SolutionConfigurationPlatforms) = preSolution
		Debug|Any CPU = Debug|Any CPU
		Debug|ARM = Debug|ARM
		Debug|x64 = Debug|x64
		Debug|x86 = Debug|x86
		Release (Desktop out)|Any CPU = Release (Desktop out)|Any CPU
		Release (Desktop out)|ARM = Release (Desktop out)|ARM
		Release (Desktop out)|x64 = Release (Desktop out)|x64
		Release (Desktop out)|x86 = Release (Desktop out)|x86
		Release|Any CPU = Release|Any CPU
		Release|ARM = Release|ARM
		Release|x64 = Release|x64
		Release|x86 = Release|x86
	EndGlobalSection
	GlobalSection(ProjectConfigurationPlatforms) = postSolution
		{3530CF36-6029-40A8-A5A4-BB2EADF51CB6}.Debug|Any CPU.ActiveCfg = Debug|Any CPU
		{3530CF36-6029-40A8-A5A4-BB2EADF51CB6}.Debug|Any CPU.Build.0 = Debug|Any CPU
		{3530CF36-6029-40A8-A5A4-BB2EADF51CB6}.Debug|ARM.ActiveCfg = Debug|Any CPU
		{3530CF36-6029-40A8-A5A4-BB2EADF51CB6}.Debug|ARM.Build.0 = Debug|Any CPU
		{3530CF36-6029-40A8-A5A4-BB2EADF51CB6}.Debug|x64.ActiveCfg = Debug|Any CPU
		{3530CF36-6029-40A8-A5A4-BB2EADF51CB6}.Debug|x64.Build.0 = Debug|Any CPU
		{3530CF36-6029-40A8-A5A4-BB2EADF51CB6}.Debug|x86.ActiveCfg = Debug|Any CPU
		{3530CF36-6029-40A8-A5A4-BB2EADF51CB6}.Debug|x86.Build.0 = Debug|Any CPU
		{3530CF36-6029-40A8-A5A4-BB2EADF51CB6}.Release (Desktop out)|Any CPU.ActiveCfg = Release (Desktop out)|Any CPU
		{3530CF36-6029-40A8-A5A4-BB2EADF51CB6}.Release (Desktop out)|Any CPU.Build.0 = Release (Desktop out)|Any CPU
		{3530CF36-6029-40A8-A5A4-BB2EADF51CB6}.Release (Desktop out)|ARM.ActiveCfg = Release (Desktop out)|Any CPU
		{3530CF36-6029-40A8-A5A4-BB2EADF51CB6}.Release (Desktop out)|ARM.Build.0 = Release (Desktop out)|Any CPU
		{3530CF36-6029-40A8-A5A4-BB2EADF51CB6}.Release (Desktop out)|x64.ActiveCfg = Release (Desktop out)|Any CPU
		{3530CF36-6029-40A8-A5A4-BB2EADF51CB6}.Release (Desktop out)|x64.Build.0 = Release (Desktop out)|Any CPU
		{3530CF36-6029-40A8-A5A4-BB2EADF51CB6}.Release (Desktop out)|x86.ActiveCfg = Release (Desktop out)|Any CPU
		{3530CF36-6029-40A8-A5A4-BB2EADF51CB6}.Release (Desktop out)|x86.Build.0 = Release (Desktop out)|Any CPU
		{3530CF36-6029-40A8-A5A4-BB2EADF51CB6}.Release|Any CPU.ActiveCfg = Release|Any CPU
		{3530CF36-6029-40A8-A5A4-BB2EADF51CB6}.Release|Any CPU.Build.0 = Release|Any CPU
		{3530CF36-6029-40A8-A5A4-BB2EADF51CB6}.Release|ARM.ActiveCfg = Release|Any CPU
		{3530CF36-6029-40A8-A5A4-BB2EADF51CB6}.Release|ARM.Build.0 = Release|Any CPU
		{3530CF36-6029-40A8-A5A4-BB2EADF51CB6}.Release|x64.ActiveCfg = Release|Any CPU
		{3530CF36-6029-40A8-A5A4-BB2EADF51CB6}.Release|x64.Build.0 = Release|Any CPU
		{3530CF36-6029-40A8-A5A4-BB2EADF51CB6}.Release|x86.ActiveCfg = Release|Any CPU
		{3530CF36-6029-40A8-A5A4-BB2EADF51CB6}.Release|x86.Build.0 = Release|Any CPU
		{90469B70-720F-46F0-A735-34D37056B5EB}.Debug|Any CPU.ActiveCfg = Debug|Any CPU
		{90469B70-720F-46F0-A735-34D37056B5EB}.Debug|Any CPU.Build.0 = Debug|Any CPU
		{90469B70-720F-46F0-A735-34D37056B5EB}.Debug|ARM.ActiveCfg = Debug|Any CPU
		{90469B70-720F-46F0-A735-34D37056B5EB}.Debug|ARM.Build.0 = Debug|Any CPU
		{90469B70-720F-46F0-A735-34D37056B5EB}.Debug|x64.ActiveCfg = Debug|Any CPU
		{90469B70-720F-46F0-A735-34D37056B5EB}.Debug|x64.Build.0 = Debug|Any CPU
		{90469B70-720F-46F0-A735-34D37056B5EB}.Debug|x86.ActiveCfg = Debug|Any CPU
		{90469B70-720F-46F0-A735-34D37056B5EB}.Debug|x86.Build.0 = Debug|Any CPU
		{90469B70-720F-46F0-A735-34D37056B5EB}.Release (Desktop out)|Any CPU.ActiveCfg = Release (Desktop out)|Any CPU
		{90469B70-720F-46F0-A735-34D37056B5EB}.Release (Desktop out)|Any CPU.Build.0 = Release (Desktop out)|Any CPU
		{90469B70-720F-46F0-A735-34D37056B5EB}.Release (Desktop out)|ARM.ActiveCfg = Release (Desktop out)|Any CPU
		{90469B70-720F-46F0-A735-34D37056B5EB}.Release (Desktop out)|ARM.Build.0 = Release (Desktop out)|Any CPU
		{90469B70-720F-46F0-A735-34D37056B5EB}.Release (Desktop out)|x64.ActiveCfg = Release (Desktop out)|Any CPU
		{90469B70-720F-46F0-A735-34D37056B5EB}.Release (Desktop out)|x64.Build.0 = Release (Desktop out)|Any CPU
		{90469B70-720F-46F0-A735-34D37056B5EB}.Release (Desktop out)|x86.ActiveCfg = Release (Desktop out)|Any CPU
		{90469B70-720F-46F0-A735-34D37056B5EB}.Release (Desktop out)|x86.Build.0 = Release (Desktop out)|Any CPU
		{90469B70-720F-46F0-A735-34D37056B5EB}.Release|Any CPU.ActiveCfg = Release|Any CPU
		{90469B70-720F-46F0-A735-34D37056B5EB}.Release|Any CPU.Build.0 = Release|Any CPU
		{90469B70-720F-46F0-A735-34D37056B5EB}.Release|ARM.ActiveCfg = Release|Any CPU
		{90469B70-720F-46F0-A735-34D37056B5EB}.Release|ARM.Build.0 = Release|Any CPU
		{90469B70-720F-46F0-A735-34D37056B5EB}.Release|x64.ActiveCfg = Release|Any CPU
		{90469B70-720F-46F0-A735-34D37056B5EB}.Release|x64.Build.0 = Release|Any CPU
		{90469B70-720F-46F0-A735-34D37056B5EB}.Release|x86.ActiveCfg = Release|Any CPU
		{90469B70-720F-46F0-A735-34D37056B5EB}.Release|x86.Build.0 = Release|Any CPU
		{F5FE9969-2C3F-4438-B8AC-D262DA048BED}.Debug|Any CPU.ActiveCfg = Debug|Any CPU
		{F5FE9969-2C3F-4438-B8AC-D262DA048BED}.Debug|Any CPU.Build.0 = Debug|Any CPU
		{F5FE9969-2C3F-4438-B8AC-D262DA048BED}.Debug|ARM.ActiveCfg = Debug|Any CPU
		{F5FE9969-2C3F-4438-B8AC-D262DA048BED}.Debug|ARM.Build.0 = Debug|Any CPU
		{F5FE9969-2C3F-4438-B8AC-D262DA048BED}.Debug|x64.ActiveCfg = Debug|Any CPU
		{F5FE9969-2C3F-4438-B8AC-D262DA048BED}.Debug|x64.Build.0 = Debug|Any CPU
		{F5FE9969-2C3F-4438-B8AC-D262DA048BED}.Debug|x86.ActiveCfg = Debug|Any CPU
		{F5FE9969-2C3F-4438-B8AC-D262DA048BED}.Debug|x86.Build.0 = Debug|Any CPU
		{F5FE9969-2C3F-4438-B8AC-D262DA048BED}.Release (Desktop out)|Any CPU.ActiveCfg = Release (Desktop out)|Any CPU
		{F5FE9969-2C3F-4438-B8AC-D262DA048BED}.Release (Desktop out)|Any CPU.Build.0 = Release (Desktop out)|Any CPU
		{F5FE9969-2C3F-4438-B8AC-D262DA048BED}.Release (Desktop out)|ARM.ActiveCfg = Release (Desktop out)|Any CPU
		{F5FE9969-2C3F-4438-B8AC-D262DA048BED}.Release (Desktop out)|ARM.Build.0 = Release (Desktop out)|Any CPU
		{F5FE9969-2C3F-4438-B8AC-D262DA048BED}.Release (Desktop out)|x64.ActiveCfg = Release (Desktop out)|Any CPU
		{F5FE9969-2C3F-4438-B8AC-D262DA048BED}.Release (Desktop out)|x64.Build.0 = Release (Desktop out)|Any CPU
		{F5FE9969-2C3F-4438-B8AC-D262DA048BED}.Release (Desktop out)|x86.ActiveCfg = Release (Desktop out)|Any CPU
		{F5FE9969-2C3F-4438-B8AC-D262DA048BED}.Release (Desktop out)|x86.Build.0 = Release (Desktop out)|Any CPU
		{F5FE9969-2C3F-4438-B8AC-D262DA048BED}.Release|Any CPU.ActiveCfg = Release|Any CPU
		{F5FE9969-2C3F-4438-B8AC-D262DA048BED}.Release|Any CPU.Build.0 = Release|Any CPU
		{F5FE9969-2C3F-4438-B8AC-D262DA048BED}.Release|ARM.ActiveCfg = Release|Any CPU
		{F5FE9969-2C3F-4438-B8AC-D262DA048BED}.Release|ARM.Build.0 = Release|Any CPU
		{F5FE9969-2C3F-4438-B8AC-D262DA048BED}.Release|x64.ActiveCfg = Release|Any CPU
		{F5FE9969-2C3F-4438-B8AC-D262DA048BED}.Release|x64.Build.0 = Release|Any CPU
		{F5FE9969-2C3F-4438-B8AC-D262DA048BED}.Release|x86.ActiveCfg = Release|Any CPU
		{F5FE9969-2C3F-4438-B8AC-D262DA048BED}.Release|x86.Build.0 = Release|Any CPU
		{75573470-C976-4C82-AC50-345A690CC9A3}.Debug|Any CPU.ActiveCfg = Debug|Any CPU
		{75573470-C976-4C82-AC50-345A690CC9A3}.Debug|Any CPU.Build.0 = Debug|Any CPU
		{75573470-C976-4C82-AC50-345A690CC9A3}.Debug|ARM.ActiveCfg = Debug|Any CPU
		{75573470-C976-4C82-AC50-345A690CC9A3}.Debug|ARM.Build.0 = Debug|Any CPU
		{75573470-C976-4C82-AC50-345A690CC9A3}.Debug|x64.ActiveCfg = Debug|Any CPU
		{75573470-C976-4C82-AC50-345A690CC9A3}.Debug|x64.Build.0 = Debug|Any CPU
		{75573470-C976-4C82-AC50-345A690CC9A3}.Debug|x86.ActiveCfg = Debug|Any CPU
		{75573470-C976-4C82-AC50-345A690CC9A3}.Debug|x86.Build.0 = Debug|Any CPU
		{75573470-C976-4C82-AC50-345A690CC9A3}.Release (Desktop out)|Any CPU.ActiveCfg = Release (Desktop out)|Any CPU
		{75573470-C976-4C82-AC50-345A690CC9A3}.Release (Desktop out)|Any CPU.Build.0 = Release (Desktop out)|Any CPU
		{75573470-C976-4C82-AC50-345A690CC9A3}.Release (Desktop out)|ARM.ActiveCfg = Release (Desktop out)|Any CPU
		{75573470-C976-4C82-AC50-345A690CC9A3}.Release (Desktop out)|ARM.Build.0 = Release (Desktop out)|Any CPU
		{75573470-C976-4C82-AC50-345A690CC9A3}.Release (Desktop out)|x64.ActiveCfg = Release (Desktop out)|Any CPU
		{75573470-C976-4C82-AC50-345A690CC9A3}.Release (Desktop out)|x64.Build.0 = Release (Desktop out)|Any CPU
		{75573470-C976-4C82-AC50-345A690CC9A3}.Release (Desktop out)|x86.ActiveCfg = Release (Desktop out)|Any CPU
		{75573470-C976-4C82-AC50-345A690CC9A3}.Release (Desktop out)|x86.Build.0 = Release (Desktop out)|Any CPU
		{75573470-C976-4C82-AC50-345A690CC9A3}.Release|Any CPU.ActiveCfg = Release|Any CPU
		{75573470-C976-4C82-AC50-345A690CC9A3}.Release|Any CPU.Build.0 = Release|Any CPU
		{75573470-C976-4C82-AC50-345A690CC9A3}.Release|ARM.ActiveCfg = Release|Any CPU
		{75573470-C976-4C82-AC50-345A690CC9A3}.Release|ARM.Build.0 = Release|Any CPU
		{75573470-C976-4C82-AC50-345A690CC9A3}.Release|x64.ActiveCfg = Release|Any CPU
		{75573470-C976-4C82-AC50-345A690CC9A3}.Release|x64.Build.0 = Release|Any CPU
		{75573470-C976-4C82-AC50-345A690CC9A3}.Release|x86.ActiveCfg = Release|Any CPU
		{75573470-C976-4C82-AC50-345A690CC9A3}.Release|x86.Build.0 = Release|Any CPU
	EndGlobalSection
	GlobalSection(SolutionProperties) = preSolution
		HideSolutionNode = FALSE
	EndGlobalSection
EndGlobal
